
Microsoft Visual Studio Solution File, Format Version 12.00
# Visual Studio Version 16
VisualStudioVersion = 16.0.31105.61
MinimumVisualStudioVersion = 10.0.40219.1
Project("{8BC9CEB8-8B4A-11D0-8D11-00A0C91BC942}") = "HW2_2", "HW2_2\HW2_2.vcxproj", "{795706B0-E79D-4C3C-A6F6-E46A13A8106D}"
EndProject
Global
	GlobalSection(SolutionConfigurationPlatforms) = preSolution
		Debug|x64 = Debug|x64
		Debug|x86 = Debug|x86
		Release|x64 = Release|x64
		Release|x86 = Release|x86
	EndGlobalSection
	GlobalSection(ProjectConfigurationPlatforms) = postSolution
		{795706B0-E79D-4C3C-A6F6-E46A13A8106D}.Debug|x64.ActiveCfg = Debug|x64
		{795706B0-E79D-4C3C-A6F6-E46A13A8106D}.Debug|x64.Build.0 = Debug|x64
		{795706B0-E79D-4C3C-A6F6-E46A13A8106D}.Debug|x86.ActiveCfg = Debug|Win32
		{795706B0-E79D-4C3C-A6F6-E46A13A8106D}.Debug|x86.Build.0 = Debug|Win32
		{795706B0-E79D-4C3C-A6F6-E46A13A8106D}.Release|x64.ActiveCfg = Release|x64
		{795706B0-E79D-4C3C-A6F6-E46A13A8106D}.Release|x64.Build.0 = Release|x64
		{795706B0-E79D-4C3C-A6F6-E46A13A8106D}.Release|x86.ActiveCfg = Release|Win32
		{795706B0-E79D-4C3C-A6F6-E46A13A8106D}.Release|x86.Build.0 = Release|Win32
	EndGlobalSection
	GlobalSection(SolutionProperties) = preSolution
		HideSolutionNode = FALSE
	EndGlobalSection
	GlobalSection(ExtensibilityGlobals) = postSolution
		SolutionGuid = {454A6BDE-FBA3-4CC9-B57D-35A51792B460}
	EndGlobalSection
EndGlobal
