
Microsoft Visual Studio Solution File, Format Version 12.00
# Visual Studio Version 16
VisualStudioVersion = 16.0.31105.61
MinimumVisualStudioVersion = 10.0.40219.1
Project("{8BC9CEB8-8B4A-11D0-8D11-00A0C91BC942}") = "HW2_1", "HW2_1\HW2_1.vcxproj", "{59DC7BE4-1868-4902-8F7C-54502F140967}"
EndProject
Global
	GlobalSection(SolutionConfigurationPlatforms) = preSolution
		Debug|x64 = Debug|x64
		Debug|x86 = Debug|x86
		Release|x64 = Release|x64
		Release|x86 = Release|x86
	EndGlobalSection
	GlobalSection(ProjectConfigurationPlatforms) = postSolution
		{59DC7BE4-1868-4902-8F7C-54502F140967}.Debug|x64.ActiveCfg = Debug|x64
		{59DC7BE4-1868-4902-8F7C-54502F140967}.Debug|x64.Build.0 = Debug|x64
		{59DC7BE4-1868-4902-8F7C-54502F140967}.Debug|x86.ActiveCfg = Debug|Win32
		{59DC7BE4-1868-4902-8F7C-54502F140967}.Debug|x86.Build.0 = Debug|Win32
		{59DC7BE4-1868-4902-8F7C-54502F140967}.Release|x64.ActiveCfg = Release|x64
		{59DC7BE4-1868-4902-8F7C-54502F140967}.Release|x64.Build.0 = Release|x64
		{59DC7BE4-1868-4902-8F7C-54502F140967}.Release|x86.ActiveCfg = Release|Win32
		{59DC7BE4-1868-4902-8F7C-54502F140967}.Release|x86.Build.0 = Release|Win32
	EndGlobalSection
	GlobalSection(SolutionProperties) = preSolution
		HideSolutionNode = FALSE
	EndGlobalSection
	GlobalSection(ExtensibilityGlobals) = postSolution
		SolutionGuid = {B3EFE4E9-8988-4DCF-B08C-0CC8F9E3C37D}
	EndGlobalSection
EndGlobal
